# This file is automatically @generated by Cargo.
# It is not intended for manual editing.
version = 4

[[package]]
name = "ffibox"
version = "0.1.0"

[[package]]
name = "libc"
version = "0.1.0"
dependencies = [
 "ffibox",
 "libc-sys",
]

[[package]]
name = "libc-sys"
version = "0.1.0"

[[package]]
name = "libcrypto"
version = "0.1.0"
dependencies = [
 "ffibox",
 "libc",
 "libcrypto-sys",
]

[[package]]
name = "libcrypto-sys"
version = "0.1.0"
